
Microsoft Visual Studio Solution File, Format Version 12.00
# Visual Studio Version 16
VisualStudioVersion = 16.0.31005.135
MinimumVisualStudioVersion = 10.0.40219.1
Project("{FAE04EC0-301F-11D3-BF4B-00C04F79EFBC}") = "Coffee shop", "Coffee shop\Coffee shop.csproj", "{6AA69050-9F43-494D-9A7A-2447BEEC5F36}"
EndProject
Global
	GlobalSection(SolutionConfigurationPlatforms) = preSolution
		Debug|Any CPU = Debug|Any CPU
		Release|Any CPU = Release|Any CPU
	EndGlobalSection
	GlobalSection(ProjectConfigurationPlatforms) = postSolution
		{6AA69050-9F43-494D-9A7A-2447BEEC5F36}.Debug|Any CPU.ActiveCfg = Debug|Any CPU
		{6AA69050-9F43-494D-9A7A-2447BEEC5F36}.Debug|Any CPU.Build.0 = Debug|Any CPU
		{6AA69050-9F43-494D-9A7A-2447BEEC5F36}.Release|Any CPU.ActiveCfg = Release|Any CPU
		{6AA69050-9F43-494D-9A7A-2447BEEC5F36}.Release|Any CPU.Build.0 = Release|Any CPU
	EndGlobalSection
	GlobalSection(SolutionProperties) = preSolution
		HideSolutionNode = FALSE
	EndGlobalSection
	GlobalSection(ExtensibilityGlobals) = postSolution
		SolutionGuid = {B786E214-1125-46BC-A36F-10B8D25D6B39}
	EndGlobalSection
EndGlobal
